Microsoft Visual Studio Solution File, Format Version 12.00
# Visual Studio 2012
Project("{FAE04EC0-301F-11D3-BF4B-00C04F79EFBC}") = "Blood Girl", "Blood Girl.csproj", "{D9EB188D-CD62-44C4-9953-E55037307306}"
EndProject
Global
	GlobalSection(SolutionConfigurationPlatforms) = preSolution
	Debug|Any CPU = Debug|Any CPU
	ExportDebug|Any CPU = ExportDebug|Any CPU
	ExportRelease|Any CPU = ExportRelease|Any CPU
	EndGlobalSection
	GlobalSection(ProjectConfigurationPlatforms) = postSolution
		{D9EB188D-CD62-44C4-9953-E55037307306}.Debug|Any CPU.ActiveCfg = Debug|Any CPU
		{D9EB188D-CD62-44C4-9953-E55037307306}.Debug|Any CPU.Build.0 = Debug|Any CPU
		{D9EB188D-CD62-44C4-9953-E55037307306}.ExportDebug|Any CPU.ActiveCfg = ExportDebug|Any CPU
		{D9EB188D-CD62-44C4-9953-E55037307306}.ExportDebug|Any CPU.Build.0 = ExportDebug|Any CPU
		{D9EB188D-CD62-44C4-9953-E55037307306}.ExportRelease|Any CPU.ActiveCfg = ExportRelease|Any CPU
		{D9EB188D-CD62-44C4-9953-E55037307306}.ExportRelease|Any CPU.Build.0 = ExportRelease|Any CPU
	EndGlobalSection
EndGlobal
